// !$*UTF8*$!
{
	archiveVersion = 1;
	classes = {
	};
	objectVersion = 46;
	objects = {

/* Begin PBXBuildFile section */
		9405B8151BC080AC00F8D50B /* AppDelegate.swift in Sources */ = {isa = PBXBuildFile; fileRef = 9405B8141BC080AC00F8D50B /* AppDelegate.swift */; };
		9405B8171BC080AC00F8D50B /* ViewController.swift in Sources */ = {isa = PBXBuildFile; fileRef = 9405B8161BC080AC00F8D50B /* ViewController.swift */; };
		9405B81A1BC080AC00F8D50B /* Main.storyboard in Resources */ = {isa = PBXBuildFile; fileRef = 9405B8181BC080AC00F8D50B /* Main.storyboard */; };
		9405B81C1BC080AC00F8D50B /* Assets.xcassets in Resources */ = {isa = PBXBuildFile; fileRef = 9405B81B1BC080AC00F8D50B /* Assets.xcassets */; };
		9405B81F1BC080AC00F8D50B /* LaunchScreen.storyboard in Resources */ = {isa = PBXBuildFile; fileRef = 9405B81D1BC080AC00F8D50B /* LaunchScreen.storyboard */; };
		9405B82A1BC080AC00F8D50B /* PichiClimaTests.swift in Sources */ = {isa = PBXBuildFile; fileRef = 9405B8291BC080AC00F8D50B /* PichiClimaTests.swift */; };
		9405B8351BC080AC00F8D50B /* PichiClimaUITests.swift in Sources */ = {isa = PBXBuildFile; fileRef = 9405B8341BC080AC00F8D50B /* PichiClimaUITests.swift */; };
		9436CB511BC083CC0033D6B2 /* Alamofire.framework in Frameworks */ = {isa = PBXBuildFile; fileRef = 9436CB4F1BC083CC0033D6B2 /* Alamofire.framework */; };
		9436CB521BC083CC0033D6B2 /* SwiftyJSON.framework in Frameworks */ = {isa = PBXBuildFile; fileRef = 9436CB501BC083CC0033D6B2 /* SwiftyJSON.framework */; };
		9436CB551BC0851A0033D6B2 /* Weather.swift in Sources */ = {isa = PBXBuildFile; fileRef = 9436CB541BC0851A0033D6B2 /* Weather.swift */; };
		9436CB571BC08AAD0033D6B2 /* MapKit.framework in Frameworks */ = {isa = PBXBuildFile; fileRef = 9436CB561BC08AAD0033D6B2 /* MapKit.framework */; };
		949A30D61BC098B700D5732A /* User.swift in Sources */ = {isa = PBXBuildFile; fileRef = 949A30D51BC098B700D5732A /* User.swift */; };
		94C06C601BC09A2D005A7FAD /* RealmSwift.framework in Frameworks */ = {isa = PBXBuildFile; fileRef = 94C06C5F1BC09A2D005A7FAD /* RealmSwift.framework */; };
		94C06C631BC0A0C6005A7FAD /* Array+extensions.swift in Sources */ = {isa = PBXBuildFile; fileRef = 94C06C621BC0A0C6005A7FAD /* Array+extensions.swift */; };
		94C06C651BC0A31A005A7FAD /* UIViewController+extensions.swift in Sources */ = {isa = PBXBuildFile; fileRef = 94C06C641BC0A31A005A7FAD /* UIViewController+extensions.swift */; };
		ED773779B7ECBEBD49281991 /* Pods.framework in Frameworks */ = {isa = PBXBuildFile; fileRef = FD0A1A27EA915B2A1D10CB81 /* Pods.framework */; };
/* End PBXBuildFile section */

/* Begin PBXContainerItemProxy section */
		9405B8261BC080AC00F8D50B /* PBXContainerItemProxy */ = {
			isa = PBXContainerItemProxy;
			containerPortal = 9405B8091BC080AC00F8D50B /* Project object */;
			proxyType = 1;
			remoteGlobalIDString = 9405B8101BC080AC00F8D50B;
			remoteInfo = PichiClima;
		};
		9405B8311BC080AC00F8D50B /* PBXContainerItemProxy */ = {
			isa = PBXContainerItemProxy;
			containerPortal = 9405B8091BC080AC00F8D50B /* Project object */;
			proxyType = 1;
			remoteGlobalIDString = 9405B8101BC080AC00F8D50B;
			remoteInfo = PichiClima;
		};
/* End PBXContainerItemProxy section */

/* Begin PBXFileReference section */
		9405B8111BC080AC00F8D50B /* PeachyClima.app */ = {isa = PBXFileReference; explicitFileType = wrapper.application; includeInIndex = 0; path = PeachyClima.app; sourceTree = BUILT_PRODUCTS_DIR; };
		9405B8141BC080AC00F8D50B /* AppDelegate.swift */ = {isa = PBXFileReference; lastKnownFileType = sourcecode.swift; path = AppDelegate.swift; sourceTree = "<group>"; };
		9405B8161BC080AC00F8D50B /* ViewController.swift */ = {isa = PBXFileReference; lastKnownFileType = sourcecode.swift; path = ViewController.swift; sourceTree = "<group>"; };
		9405B8191BC080AC00F8D50B /* Base */ = {isa = PBXFileReference; lastKnownFileType = file.storyboard; name = Base; path = Base.lproj/Main.storyboard; sourceTree = "<group>"; };
		9405B81B1BC080AC00F8D50B /* Assets.xcassets */ = {isa = PBXFileReference; lastKnownFileType = folder.assetcatalog; path = Assets.xcassets; sourceTree = "<group>"; };
		9405B81E1BC080AC00F8D50B /* Base */ = {isa = PBXFileReference; lastKnownFileType = file.storyboard; name = Base; path = Base.lproj/LaunchScreen.storyboard; sourceTree = "<group>"; };
		9405B8201BC080AC00F8D50B /* Info.plist */ = {isa = PBXFileReference; lastKnownFileType = text.plist.xml; path = Info.plist; sourceTree = "<group>"; };
		9405B8251BC080AC00F8D50B /* PeachyClima.xctest */ = {isa = PBXFileReference; explicitFileType = wrapper.cfbundle; includeInIndex = 0; path = PeachyClima.xctest; sourceTree = BUILT_PRODUCTS_DIR; };
		9405B8291BC080AC00F8D50B /* PichiClimaTests.swift */ = {isa = PBXFileReference; lastKnownFileType = sourcecode.swift; path = PichiClimaTests.swift; sourceTree = "<group>"; };
		9405B82B1BC080AC00F8D50B /* Info.plist */ = {isa = PBXFileReference; lastKnownFileType = text.plist.xml; path = Info.plist; sourceTree = "<group>"; };
		9405B8301BC080AC00F8D50B /* PeachyClima.xctest */ = {isa = PBXFileReference; explicitFileType = wrapper.cfbundle; includeInIndex = 0; path = PeachyClima.xctest; sourceTree = BUILT_PRODUCTS_DIR; };
		9405B8341BC080AC00F8D50B /* PichiClimaUITests.swift */ = {isa = PBXFileReference; lastKnownFileType = sourcecode.swift; path = PichiClimaUITests.swift; sourceTree = "<group>"; };
		9405B8361BC080AC00F8D50B /* Info.plist */ = {isa = PBXFileReference; lastKnownFileType = text.plist.xml; path = Info.plist; sourceTree = "<group>"; };
		9436CB4F1BC083CC0033D6B2 /* Alamofire.framework */ = {isa = PBXFileReference; lastKnownFileType = wrapper.framework; name = Alamofire.framework; path = "Pods/../build/Debug-iphoneos/Alamofire.framework"; sourceTree = "<group>"; };
		9436CB501BC083CC0033D6B2 /* SwiftyJSON.framework */ = {isa = PBXFileReference; lastKnownFileType = wrapper.framework; name = SwiftyJSON.framework; path = "Pods/../build/Debug-iphoneos/SwiftyJSON.framework"; sourceTree = "<group>"; };
		9436CB541BC0851A0033D6B2 /* Weather.swift */ = {isa = PBXFileReference; fileEncoding = 4; lastKnownFileType = sourcecode.swift; path = Weather.swift; sourceTree = "<group>"; };
		9436CB561BC08AAD0033D6B2 /* MapKit.framework */ = {isa = PBXFileReference; lastKnownFileType = wrapper.framework; name = MapKit.framework; path = System/Library/Frameworks/MapKit.framework; sourceTree = SDKROOT; };
		949A30D51BC098B700D5732A /* User.swift */ = {isa = PBXFileReference; fileEncoding = 4; lastKnownFileType = sourcecode.swift; name = User.swift; path = models/User.swift; sourceTree = "<group>"; };
		94C06C5F1BC09A2D005A7FAD /* RealmSwift.framework */ = {isa = PBXFileReference; lastKnownFileType = wrapper.framework; name = RealmSwift.framework; path = "Pods/../build/Debug-iphoneos/RealmSwift.framework"; sourceTree = "<group>"; };
		94C06C621BC0A0C6005A7FAD /* Array+extensions.swift */ = {isa = PBXFileReference; fileEncoding = 4; lastKnownFileType = sourcecode.swift; name = "Array+extensions.swift"; path = "utils/Array+extensions.swift"; sourceTree = "<group>"; };
		94C06C641BC0A31A005A7FAD /* UIViewController+extensions.swift */ = {isa = PBXFileReference; fileEncoding = 4; lastKnownFileType = sourcecode.swift; name = "UIViewController+extensions.swift"; path = "utils/UIViewController+extensions.swift"; sourceTree = "<group>"; };
		DBF3E54D9D4F0619EAC8D5B2 /* Pods.debug.xcconfig */ = {isa = PBXFileReference; includeInIndex = 1; lastKnownFileType = text.xcconfig; name = Pods.debug.xcconfig; path = "Pods/Target Support Files/Pods/Pods.debug.xcconfig"; sourceTree = "<group>"; };
		FD0A1A27EA915B2A1D10CB81 /* Pods.framework */ = {isa = PBXFileReference; explicitFileType = wrapper.framework; includeInIndex = 0; path = Pods.framework; sourceTree = BUILT_PRODUCTS_DIR; };
		FF1BC68D2614E54ED3BD3A30 /* Pods.release.xcconfig */ = {isa = PBXFileReference; includeInIndex = 1; lastKnownFileType = text.xcconfig; name = Pods.release.xcconfig; path = "Pods/Target Support Files/Pods/Pods.release.xcconfig"; sourceTree = "<group>"; };
/* End PBXFileReference section */

/* Begin PBXFrameworksBuildPhase section */
		9405B80E1BC080AC00F8D50B /* Frameworks */ = {
			isa = PBXFrameworksBuildPhase;
			buildActionMask = 2147483647;
			files = (
				94C06C601BC09A2D005A7FAD /* RealmSwift.framework in Frameworks */,
				9436CB511BC083CC0033D6B2 /* Alamofire.framework in Frameworks */,
				9436CB521BC083CC0033D6B2 /* SwiftyJSON.framework in Frameworks */,
				9436CB571BC08AAD0033D6B2 /* MapKit.framework in Frameworks */,
				ED773779B7ECBEBD49281991 /* Pods.framework in Frameworks */,
			);
			runOnlyForDeploymentPostprocessing = 0;
		};
		9405B8221BC080AC00F8D50B /* Frameworks */ = {
			isa = PBXFrameworksBuildPhase;
			buildActionMask = 2147483647;
			files = (
			);
			runOnlyForDeploymentPostprocessing = 0;
		};
		9405B82D1BC080AC00F8D50B /* Frameworks */ = {
			isa = PBXFrameworksBuildPhase;
			buildActionMask = 2147483647;
			files = (
			);
			runOnlyForDeploymentPostprocessing = 0;
		};
/* End PBXFrameworksBuildPhase section */

/* Begin PBXGroup section */
		9405B8081BC080AC00F8D50B = {
			isa = PBXGroup;
			children = (
				9405B8131BC080AC00F8D50B /* PichiClima */,
				9405B8281BC080AC00F8D50B /* PichiClimaTests */,
				9405B8331BC080AC00F8D50B /* PichiClimaUITests */,
				9405B8121BC080AC00F8D50B /* Products */,
				A43F0AB49895C16715ADC166 /* Pods */,
				A2A5AE39747669F193D5615D /* Frameworks */,
			);
			sourceTree = "<group>";
		};
		9405B8121BC080AC00F8D50B /* Products */ = {
			isa = PBXGroup;
			children = (
				9405B8111BC080AC00F8D50B /* PeachyClima.app */,
				9405B8251BC080AC00F8D50B /* PeachyClima.xctest */,
				9405B8301BC080AC00F8D50B /* PeachyClima.xctest */,
			);
			name = Products;
			sourceTree = "<group>";
		};
		9405B8131BC080AC00F8D50B /* PichiClima */ = {
			isa = PBXGroup;
			children = (
				94C06C661BC0A34D005A7FAD /* controllers */,
				949A30D41BC098A700D5732A /* models */,
				94C06C611BC0A0B3005A7FAD /* utils */,
				9405B8141BC080AC00F8D50B /* AppDelegate.swift */,
				9405B8181BC080AC00F8D50B /* Main.storyboard */,
				9405B81B1BC080AC00F8D50B /* Assets.xcassets */,
				9405B81D1BC080AC00F8D50B /* LaunchScreen.storyboard */,
				9405B8201BC080AC00F8D50B /* Info.plist */,
			);
			path = PichiClima;
			sourceTree = "<group>";
		};
		9405B8281BC080AC00F8D50B /* PichiClimaTests */ = {
			isa = PBXGroup;
			children = (
				9405B8291BC080AC00F8D50B /* PichiClimaTests.swift */,
				9405B82B1BC080AC00F8D50B /* Info.plist */,
			);
			path = PichiClimaTests;
			sourceTree = "<group>";
		};
		9405B8331BC080AC00F8D50B /* PichiClimaUITests */ = {
			isa = PBXGroup;
			children = (
				9405B8341BC080AC00F8D50B /* PichiClimaUITests.swift */,
				9405B8361BC080AC00F8D50B /* Info.plist */,
			);
			path = PichiClimaUITests;
			sourceTree = "<group>";
		};
		949A30D41BC098A700D5732A /* models */ = {
			isa = PBXGroup;
			children = (
				9436CB541BC0851A0033D6B2 /* Weather.swift */,
				949A30D51BC098B700D5732A /* User.swift */,
			);
			name = models;
			sourceTree = "<group>";
		};
		94C06C611BC0A0B3005A7FAD /* utils */ = {
			isa = PBXGroup;
			children = (
				94C06C621BC0A0C6005A7FAD /* Array+extensions.swift */,
				94C06C641BC0A31A005A7FAD /* UIViewController+extensions.swift */,
			);
			name = utils;
			sourceTree = "<group>";
		};
		94C06C661BC0A34D005A7FAD /* controllers */ = {
			isa = PBXGroup;
			children = (
				9405B8161BC080AC00F8D50B /* ViewController.swift */,
			);
			name = controllers;
			sourceTree = "<group>";
		};
		A2A5AE39747669F193D5615D /* Frameworks */ = {
			isa = PBXGroup;
			children = (
				94C06C5F1BC09A2D005A7FAD /* RealmSwift.framework */,
				9436CB561BC08AAD0033D6B2 /* MapKit.framework */,
				9436CB4F1BC083CC0033D6B2 /* Alamofire.framework */,
				9436CB501BC083CC0033D6B2 /* SwiftyJSON.framework */,
				FD0A1A27EA915B2A1D10CB81 /* Pods.framework */,
			);
			name = Frameworks;
			sourceTree = "<group>";
		};
		A43F0AB49895C16715ADC166 /* Pods */ = {
			isa = PBXGroup;
			children = (
				DBF3E54D9D4F0619EAC8D5B2 /* Pods.debug.xcconfig */,
				FF1BC68D2614E54ED3BD3A30 /* Pods.release.xcconfig */,
			);
			name = Pods;
			sourceTree = "<group>";
		};
/* End PBXGroup section */

/* Begin PBXNativeTarget section */
		9405B8101BC080AC00F8D50B /* PeachyClima */ = {
			isa = PBXNativeTarget;
			buildConfigurationList = 9405B8391BC080AC00F8D50B /* Build configuration list for PBXNativeTarget "PeachyClima" */;
			buildPhases = (
				F11CC12E44546B47F7FB760C /* Check Pods Manifest.lock */,
				9405B80D1BC080AC00F8D50B /* Sources */,
				9405B80E1BC080AC00F8D50B /* Frameworks */,
				9405B80F1BC080AC00F8D50B /* Resources */,
				5358D8E446AED6A160B8E5DC /* Embed Pods Frameworks */,
				EBAFA518A8F6160A81CA1F43 /* Copy Pods Resources */,
			);
			buildRules = (
			);
			dependencies = (
			);
			name = PeachyClima;
			productName = PichiClima;
			productReference = 9405B8111BC080AC00F8D50B /* PeachyClima.app */;
			productType = "com.apple.product-type.application";
		};
		9405B8241BC080AC00F8D50B /* PeachyClimaTests */ = {
			isa = PBXNativeTarget;
			buildConfigurationList = 9405B83C1BC080AC00F8D50B /* Build configuration list for PBXNativeTarget "PeachyClimaTests" */;
			buildPhases = (
				9405B8211BC080AC00F8D50B /* Sources */,
				9405B8221BC080AC00F8D50B /* Frameworks */,
				9405B8231BC080AC00F8D50B /* Resources */,
			);
			buildRules = (
			);
			dependencies = (
				9405B8271BC080AC00F8D50B /* PBXTargetDependency */,
			);
			name = PeachyClimaTests;
			productName = PichiClimaTests;
			productReference = 9405B8251BC080AC00F8D50B /* PeachyClima.xctest */;
			productType = "com.apple.product-type.bundle.unit-test";
		};
		9405B82F1BC080AC00F8D50B /* PeachyClimaUITests */ = {
			isa = PBXNativeTarget;
			buildConfigurationList = 9405B83F1BC080AC00F8D50B /* Build configuration list for PBXNativeTarget "PeachyClimaUITests" */;
			buildPhases = (
				9405B82C1BC080AC00F8D50B /* Sources */,
				9405B82D1BC080AC00F8D50B /* Frameworks */,
				9405B82E1BC080AC00F8D50B /* Resources */,
			);
			buildRules = (
			);
			dependencies = (
				9405B8321BC080AC00F8D50B /* PBXTargetDependency */,
			);
			name = PeachyClimaUITests;
			productName = PichiClimaUITests;
			productReference = 9405B8301BC080AC00F8D50B /* PeachyClima.xctest */;
			productType = "com.apple.product-type.bundle.ui-testing";
		};
/* End PBXNativeTarget section */

/* Begin PBXProject section */
		9405B8091BC080AC00F8D50B /* Project object */ = {
			isa = PBXProject;
			attributes = {
				LastUpgradeCheck = 0700;
				ORGANIZATIONNAME = "Ernesto Cambuston";
				TargetAttributes = {
					9405B8101BC080AC00F8D50B = {
						CreatedOnToolsVersion = 7.0.1;
						DevelopmentTeam = S4B46Y8N4E;
						SystemCapabilities = {
							com.apple.Maps.iOS = {
								enabled = 1;
							};
						};
					};
					9405B8241BC080AC00F8D50B = {
						CreatedOnToolsVersion = 7.0.1;
						TestTargetID = 9405B8101BC080AC00F8D50B;
					};
					9405B82F1BC080AC00F8D50B = {
						CreatedOnToolsVersion = 7.0.1;
						TestTargetID = 9405B8101BC080AC00F8D50B;
					};
				};
			};
			buildConfigurationList = 9405B80C1BC080AC00F8D50B /* Build configuration list for PBXProject "PeachyClima" */;
			compatibilityVersion = "Xcode 3.2";
			developmentRegion = English;
			hasScannedForEncodings = 0;
			knownRegions = (
				en,
				Base,
			);
			mainGroup = 9405B8081BC080AC00F8D50B;
			productRefGroup = 9405B8121BC080AC00F8D50B /* Products */;
			projectDirPath = "";
			projectRoot = "";
			targets = (
				9405B8101BC080AC00F8D50B /* PeachyClima */,
				9405B8241BC080AC00F8D50B /* PeachyClimaTests */,
				9405B82F1BC080AC00F8D50B /* PeachyClimaUITests */,
			);
		};
/* End PBXProject section */

/* Begin PBXResourcesBuildPhase section */
		9405B80F1BC080AC00F8D50B /* Resources */ = {
			isa = PBXResourcesBuildPhase;
			buildActionMask = 2147483647;
			files = (
				9405B81F1BC080AC00F8D50B /* LaunchScreen.storyboard in Resources */,
				9405B81C1BC080AC00F8D50B /* Assets.xcassets in Resources */,
				9405B81A1BC080AC00F8D50B /* Main.storyboard in Resources */,
			);
			runOnlyForDeploymentPostprocessing = 0;
		};
		9405B8231BC080AC00F8D50B /* Resources */ = {
			isa = PBXResourcesBuildPhase;
			buildActionMask = 2147483647;
			files = (
			);
			runOnlyForDeploymentPostprocessing = 0;
		};
		9405B82E1BC080AC00F8D50B /* Resources */ = {
			isa = PBXResourcesBuildPhase;
			buildActionMask = 2147483647;
			files = (
			);
			runOnlyForDeploymentPostprocessing = 0;
		};
/* End PBXResourcesBuildPhase section */

/* Begin PBXShellScriptBuildPhase section */
		5358D8E446AED6A160B8E5DC /* Embed Pods Frameworks */ = {
			isa = PBXShellScriptBuildPhase;
			buildActionMask = 2147483647;
			files = (
			);
			inputPaths = (
			);
			name = "Embed Pods Frameworks";
			outputPaths = (
			);
			runOnlyForDeploymentPostprocessing = 0;
			shellPath = /bin/sh;
			shellScript = "\"${SRCROOT}/Pods/Target Support Files/Pods/Pods-frameworks.sh\"\n";
			showEnvVarsInLog = 0;
		};
		EBAFA518A8F6160A81CA1F43 /* Copy Pods Resources */ = {
			isa = PBXShellScriptBuildPhase;
			buildActionMask = 2147483647;
			files = (
			);
			inputPaths = (
			);
			name = "Copy Pods Resources";
			outputPaths = (
			);
			runOnlyForDeploymentPostprocessing = 0;
			shellPath = /bin/sh;
			shellScript = "\"${SRCROOT}/Pods/Target Support Files/Pods/Pods-resources.sh\"\n";
			showEnvVarsInLog = 0;
		};
		F11CC12E44546B47F7FB760C /* Check Pods Manifest.lock */ = {
			isa = PBXShellScriptBuildPhase;
			buildActionMask = 2147483647;
			files = (
			);
			inputPaths = (
			);
			name = "Check Pods Manifest.lock";
			outputPaths = (
			);
			runOnlyForDeploymentPostprocessing = 0;
			shellPath = /bin/sh;
			shellScript = "diff \"${PODS_ROOT}/../Podfile.lock\" \"${PODS_ROOT}/Manifest.lock\" > /dev/null\nif [[ $? != 0 ]] ; then\n    cat << EOM\nerror: The sandbox is not in sync with the Podfile.lock. Run 'pod install' or update your CocoaPods installation.\nEOM\n    exit 1\nfi\n";
			showEnvVarsInLog = 0;
		};
/* End PBXShellScriptBuildPhase section */

/* Begin PBXSourcesBuildPhase section */
		9405B80D1BC080AC00F8D50B /* Sources */ = {
			isa = PBXSourcesBuildPhase;
			buildActionMask = 2147483647;
			files = (
				949A30D61BC098B700D5732A /* User.swift in Sources */,
				94C06C631BC0A0C6005A7FAD /* Array+extensions.swift in Sources */,
				9405B8171BC080AC00F8D50B /* ViewController.swift in Sources */,
				9436CB551BC0851A0033D6B2 /* Weather.swift in Sources */,
				94C06C651BC0A31A005A7FAD /* UIViewController+extensions.swift in Sources */,
				9405B8151BC080AC00F8D50B /* AppDelegate.swift in Sources */,
			);
			runOnlyForDeploymentPostprocessing = 0;
		};
		9405B8211BC080AC00F8D50B /* Sources */ = {
			isa = PBXSourcesBuildPhase;
			buildActionMask = 2147483647;
			files = (
				9405B82A1BC080AC00F8D50B /* PichiClimaTests.swift in Sources */,
			);
			runOnlyForDeploymentPostprocessing = 0;
		};
		9405B82C1BC080AC00F8D50B /* Sources */ = {
			isa = PBXSourcesBuildPhase;
			buildActionMask = 2147483647;
			files = (
				9405B8351BC080AC00F8D50B /* PichiClimaUITests.swift in Sources */,
			);
			runOnlyForDeploymentPostprocessing = 0;
		};
/* End PBXSourcesBuildPhase section */

/* Begin PBXTargetDependency section */
		9405B8271BC080AC00F8D50B /* PBXTargetDependency */ = {
			isa = PBXTargetDependency;
			target = 9405B8101BC080AC00F8D50B /* PeachyClima */;
			targetProxy = 9405B8261BC080AC00F8D50B /* PBXContainerItemProxy */;
		};
		9405B8321BC080AC00F8D50B /* PBXTargetDependency */ = {
			isa = PBXTargetDependency;
			target = 9405B8101BC080AC00F8D50B /* PeachyClima */;
			targetProxy = 9405B8311BC080AC00F8D50B /* PBXContainerItemProxy */;
		};
/* End PBXTargetDependency section */

/* Begin PBXVariantGroup section */
		9405B8181BC080AC00F8D50B /* Main.storyboard */ = {
			isa = PBXVariantGroup;
			children = (
				9405B8191BC080AC00F8D50B /* Base */,
			);
			name = Main.storyboard;
			sourceTree = "<group>";
		};
		9405B81D1BC080AC00F8D50B /* LaunchScreen.storyboard */ = {
			isa = PBXVariantGroup;
			children = (
				9405B81E1BC080AC00F8D50B /* Base */,
			);
			name = LaunchScreen.storyboard;
			sourceTree = "<group>";
		};
/* End PBXVariantGroup section */

/* Begin XCBuildConfiguration section */
		9405B8371BC080AC00F8D50B /* Debug */ = {
			isa = XCBuildConfiguration;
			buildSettings = {
				ALWAYS_SEARCH_USER_PATHS = NO;
				CLANG_CXX_LANGUAGE_STANDARD = "gnu++0x";
				CLANG_CXX_LIBRARY = "libc++";
				CLANG_ENABLE_MODULES = YES;
				CLANG_ENABLE_OBJC_ARC = YES;
				CLANG_WARN_BOOL_CONVERSION = YES;
				CLANG_WARN_CONSTANT_CONVERSION = YES;
				CLANG_WARN_DIRECT_OBJC_ISA_USAGE = YES_ERROR;
				CLANG_WARN_EMPTY_BODY = YES;
				CLANG_WARN_ENUM_CONVERSION = YES;
				CLANG_WARN_INT_CONVERSION = YES;
				CLANG_WARN_OBJC_ROOT_CLASS = YES_ERROR;
				CLANG_WARN_UNREACHABLE_CODE = YES;
				CLANG_WARN__DUPLICATE_METHOD_MATCH = YES;
				"CODE_SIGN_IDENTITY[sdk=iphoneos*]" = "iPhone Developer";
				COPY_PHASE_STRIP = NO;
				DEBUG_INFORMATION_FORMAT = dwarf;
				ENABLE_STRICT_OBJC_MSGSEND = YES;
				ENABLE_TESTABILITY = YES;
				GCC_C_LANGUAGE_STANDARD = gnu99;
				GCC_DYNAMIC_NO_PIC = NO;
				GCC_NO_COMMON_BLOCKS = YES;
				GCC_OPTIMIZATION_LEVEL = 0;
				GCC_PREPROCESSOR_DEFINITIONS = (
					"DEBUG=1",
					"$(inherited)",
				);
				GCC_WARN_64_TO_32_BIT_CONVERSION = YES;
				GCC_WARN_ABOUT_RETURN_TYPE = YES_ERROR;
				GCC_WARN_UNDECLARED_SELECTOR = YES;
				GCC_WARN_UNINITIALIZED_AUTOS = YES_AGGRESSIVE;
				GCC_WARN_UNUSED_FUNCTION = YES;
				GCC_WARN_UNUSED_VARIABLE = YES;
				IPHONEOS_DEPLOYMENT_TARGET = 9.0;
				MTL_ENABLE_DEBUG_INFO = YES;
				ONLY_ACTIVE_ARCH = YES;
				SDKROOT = iphoneos;
				SWIFT_OPTIMIZATION_LEVEL = "-Onone";
			};
			name = Debug;
		};
		9405B8381BC080AC00F8D50B /* Release */ = {
			isa = XCBuildConfiguration;
			buildSettings = {
				ALWAYS_SEARCH_USER_PATHS = NO;
				CLANG_CXX_LANGUAGE_STANDARD = "gnu++0x";
				CLANG_CXX_LIBRARY = "libc++";
				CLANG_ENABLE_MODULES = YES;
				CLANG_ENABLE_OBJC_ARC = YES;
				CLANG_WARN_BOOL_CONVERSION = YES;
				CLANG_WARN_CONSTANT_CONVERSION = YES;
				CLANG_WARN_DIRECT_OBJC_ISA_USAGE = YES_ERROR;
				CLANG_WARN_EMPTY_BODY = YES;
				CLANG_WARN_ENUM_CONVERSION = YES;
				CLANG_WARN_INT_CONVERSION = YES;
				CLANG_WARN_OBJC_ROOT_CLASS = YES_ERROR;
				CLANG_WARN_UNREACHABLE_CODE = YES;
				CLANG_WARN__DUPLICATE_METHOD_MATCH = YES;
				"CODE_SIGN_IDENTITY[sdk=iphoneos*]" = "iPhone Developer";
				COPY_PHASE_STRIP = NO;
				DEBUG_INFORMATION_FORMAT = "dwarf-with-dsym";
				ENABLE_NS_ASSERTIONS = NO;
				ENABLE_STRICT_OBJC_MSGSEND = YES;
				GCC_C_LANGUAGE_STANDARD = gnu99;
				GCC_NO_COMMON_BLOCKS = YES;
				GCC_WARN_64_TO_32_BIT_CONVERSION = YES;
				GCC_WARN_ABOUT_RETURN_TYPE = YES_ERROR;
				GCC_WARN_UNDECLARED_SELECTOR = YES;
				GCC_WARN_UNINITIALIZED_AUTOS = YES_AGGRESSIVE;
				GCC_WARN_UNUSED_FUNCTION = YES;
				GCC_WARN_UNUSED_VARIABLE = YES;
				IPHONEOS_DEPLOYMENT_TARGET = 9.0;
				MTL_ENABLE_DEBUG_INFO = NO;
				SDKROOT = iphoneos;
				VALIDATE_PRODUCT = YES;
			};
			name = Release;
		};
		9405B83A1BC080AC00F8D50B /* Debug */ = {
			isa = XCBuildConfiguration;
			baseConfigurationReference = DBF3E54D9D4F0619EAC8D5B2 /* Pods.debug.xcconfig */;
			buildSettings = {
				ASSETCATALOG_COMPILER_APPICON_NAME = AppIcon;
				CODE_SIGN_IDENTITY = "iPhone Developer";
				"CODE_SIGN_IDENTITY[sdk=iphoneos*]" = "iPhone Developer";
				FRAMEWORK_SEARCH_PATHS = (
					"$(inherited)",
					"$(PROJECT_DIR)/build/Debug-iphoneos",
				);
				INFOPLIST_FILE = PichiClima/Info.plist;
				IPHONEOS_DEPLOYMENT_TARGET = 9.0;
				LD_RUNPATH_SEARCH_PATHS = "$(inherited) @executable_path/Frameworks";
				PRODUCT_BUNDLE_IDENTIFIER = com.pinatasoftique.PeachyClima;
				PRODUCT_NAME = PeachyClima;
				PROVISIONING_PROFILE = "";
				TARGETED_DEVICE_FAMILY = 1;
			};
			name = Debug;
		};
		9405B83B1BC080AC00F8D50B /* Release */ = {
			isa = XCBuildConfiguration;
			baseConfigurationReference = FF1BC68D2614E54ED3BD3A30 /* Pods.release.xcconfig */;
			buildSettings = {
				ASSETCATALOG_COMPILER_APPICON_NAME = AppIcon;
				CODE_SIGN_IDENTITY = "iPhone Developer";
				"CODE_SIGN_IDENTITY[sdk=iphoneos*]" = "iPhone Developer";
				FRAMEWORK_SEARCH_PATHS = (
					"$(inherited)",
					"$(PROJECT_DIR)/build/Debug-iphoneos",
				);
				INFOPLIST_FILE = PichiClima/Info.plist;
				IPHONEOS_DEPLOYMENT_TARGET = 9.0;
				LD_RUNPATH_SEARCH_PATHS = "$(inherited) @executable_path/Frameworks";
				PRODUCT_BUNDLE_IDENTIFIER = com.pinatasoftique.PeachyClima;
				PRODUCT_NAME = PeachyClima;
				PROVISIONING_PROFILE = "";
				TARGETED_DEVICE_FAMILY = 1;
			};
			name = Release;
		};
		9405B83D1BC080AC00F8D50B /* Debug */ = {
			isa = XCBuildConfiguration;
			buildSettings = {
				BUNDLE_LOADER = "$(TEST_HOST)";
				INFOPLIST_FILE = PichiClimaTests/Info.plist;
				LD_RUNPATH_SEARCH_PATHS = "$(inherited) @executable_path/Frameworks @loader_path/Frameworks";
				PRODUCT_BUNDLE_IDENTIFIER = com.rocketjourney.PichiClimaTests;
				PRODUCT_NAME = PeachyClima;
				TEST_HOST = "$(BUILT_PRODUCTS_DIR)/PeachyClima.app/PeachyClima";
			};
			name = Debug;
		};
		9405B83E1BC080AC00F8D50B /* Release */ = {
			isa = XCBuildConfiguration;
			buildSettings = {
				BUNDLE_LOADER = "$(TEST_HOST)";
				INFOPLIST_FILE = PichiClimaTests/Info.plist;
				LD_RUNPATH_SEARCH_PATHS = "$(inherited) @executable_path/Frameworks @loader_path/Frameworks";
				PRODUCT_BUNDLE_IDENTIFIER = com.rocketjourney.PichiClimaTests;
				PRODUCT_NAME = PeachyClima;
				TEST_HOST = "$(BUILT_PRODUCTS_DIR)/PeachyClima.app/PeachyClima";
			};
			name = Release;
		};
		9405B8401BC080AC00F8D50B /* Debug */ = {
			isa = XCBuildConfiguration;
			buildSettings = {
				INFOPLIST_FILE = PichiClimaUITests/Info.plist;
				LD_RUNPATH_SEARCH_PATHS = "$(inherited) @executable_path/Frameworks @loader_path/Frameworks";
				PRODUCT_BUNDLE_IDENTIFIER = com.rocketjourney.PichiClimaUITests;
				PRODUCT_NAME = PeachyClima;
				TEST_TARGET_NAME = PichiClima;
				USES_XCTRUNNER = YES;
			};
			name = Debug;
		};
		9405B8411BC080AC00F8D50B /* Release */ = {
			isa = XCBuildConfiguration;
			buildSettings = {
				INFOPLIST_FILE = PichiClimaUITests/Info.plist;
				LD_RUNPATH_SEARCH_PATHS = "$(inherited) @executable_path/Frameworks @loader_path/Frameworks";
				PRODUCT_BUNDLE_IDENTIFIER = com.rocketjourney.PichiClimaUITests;
				PRODUCT_NAME = PeachyClima;
				TEST_TARGET_NAME = PichiClima;
				USES_XCTRUNNER = YES;
			};
			name = Release;
		};
/* End XCBuildConfiguration section */

/* Begin XCConfigurationList section */
		9405B80C1BC080AC00F8D50B /* Build configuration list for PBXProject "PeachyClima" */ = {
			isa = XCConfigurationList;
			buildConfigurations = (
				9405B8371BC080AC00F8D50B /* Debug */,
				9405B8381BC080AC00F8D50B /* Release */,
			);
			defaultConfigurationIsVisible = 0;
			defaultConfigurationName = Release;
		};
		9405B8391BC080AC00F8D50B /* Build configuration list for PBXNativeTarget "PeachyClima" */ = {
			isa = XCConfigurationList;
			buildConfigurations = (
				9405B83A1BC080AC00F8D50B /* Debug */,
				9405B83B1BC080AC00F8D50B /* Release */,
			);
			defaultConfigurationIsVisible = 0;
			defaultConfigurationName = Release;
		};
		9405B83C1BC080AC00F8D50B /* Build configuration list for PBXNativeTarget "PeachyClimaTests" */ = {
			isa = XCConfigurationList;
			buildConfigurations = (
				9405B83D1BC080AC00F8D50B /* Debug */,
				9405B83E1BC080AC00F8D50B /* Release */,
			);
			defaultConfigurationIsVisible = 0;
			defaultConfigurationName = Release;
		};
		9405B83F1BC080AC00F8D50B /* Build configuration list for PBXNativeTarget "PeachyClimaUITests" */ = {
			isa = XCConfigurationList;
			buildConfigurations = (
				9405B8401BC080AC00F8D50B /* Debug */,
				9405B8411BC080AC00F8D50B /* Release */,
			);
			defaultConfigurationIsVisible = 0;
			defaultConfigurationName = Release;
		};
/* End XCConfigurationList section */
	};
	rootObject = 9405B8091BC080AC00F8D50B /* Project object */;
}
